// !$*UTF8*$!
{
	archiveVersion = 1;
	classes = {
	};
	objectVersion = 77;
	objects = {

/* Begin PBXBuildFile section */
		531656E32D0DBE2900B7664D /* FirebaseAnalytics in Frameworks */ = {isa = PBXBuildFile; productRef = 531656E22D0DBE2900B7664D /* FirebaseAnalytics */; };
		531656E52D0DBE2900B7664D /* FirebaseAnalyticsOnDeviceConversion in Frameworks */ = {isa = PBXBuildFile; productRef = 531656E42D0DBE2900B7664D /* FirebaseAnalyticsOnDeviceConversion */; };
		531656E72D0DBE2900B7664D /* FirebaseAnalyticsWithoutAdIdSupport in Frameworks */ = {isa = PBXBuildFile; productRef = 531656E62D0DBE2900B7664D /* FirebaseAnalyticsWithoutAdIdSupport */; };
		531656E92D0DBE2900B7664D /* FirebaseAppCheck in Frameworks */ = {isa = PBXBuildFile; productRef = 531656E82D0DBE2900B7664D /* FirebaseAppCheck */; };
		531656EB2D0DBE2900B7664D /* FirebaseAppDistribution-Beta in Frameworks */ = {isa = PBXBuildFile; productRef = 531656EA2D0DBE2900B7664D /* FirebaseAppDistribution-Beta */; };
		531656ED2D0DBE2900B7664D /* FirebaseAuth in Frameworks */ = {isa = PBXBuildFile; productRef = 531656EC2D0DBE2900B7664D /* FirebaseAuth */; };
		531656EF2D0DBE2900B7664D /* FirebaseAuthCombine-Community in Frameworks */ = {isa = PBXBuildFile; productRef = 531656EE2D0DBE2900B7664D /* FirebaseAuthCombine-Community */; };
		531656F12D0DBE2900B7664D /* FirebaseCore in Frameworks */ = {isa = PBXBuildFile; productRef = 531656F02D0DBE2900B7664D /* FirebaseCore */; };
		531656F32D0DBE2900B7664D /* FirebaseCrashlytics in Frameworks */ = {isa = PBXBuildFile; productRef = 531656F22D0DBE2900B7664D /* FirebaseCrashlytics */; };
		531656F52D0DBE2900B7664D /* FirebaseDatabase in Frameworks */ = {isa = PBXBuildFile; productRef = 531656F42D0DBE2900B7664D /* FirebaseDatabase */; };
		531656F72D0DBE2900B7664D /* FirebaseDynamicLinks in Frameworks */ = {isa = PBXBuildFile; productRef = 531656F62D0DBE2900B7664D /* FirebaseDynamicLinks */; };
		531656F92D0DBE2900B7664D /* FirebaseFirestore in Frameworks */ = {isa = PBXBuildFile; productRef = 531656F82D0DBE2900B7664D /* FirebaseFirestore */; };
		531656FB2D0DBE2900B7664D /* FirebaseFirestoreCombine-Community in Frameworks */ = {isa = PBXBuildFile; productRef = 531656FA2D0DBE2900B7664D /* FirebaseFirestoreCombine-Community */; };
		531656FD2D0DBE2900B7664D /* FirebaseFunctions in Frameworks */ = {isa = PBXBuildFile; productRef = 531656FC2D0DBE2900B7664D /* FirebaseFunctions */; };
		531656FF2D0DBE2900B7664D /* FirebaseFunctionsCombine-Community in Frameworks */ = {isa = PBXBuildFile; productRef = 531656FE2D0DBE2900B7664D /* FirebaseFunctionsCombine-Community */; };
		531657012D0DBE2900B7664D /* FirebaseInAppMessaging-Beta in Frameworks */ = {isa = PBXBuildFile; productRef = 531657002D0DBE2900B7664D /* FirebaseInAppMessaging-Beta */; };
		531657032D0DBE2900B7664D /* FirebaseInstallations in Frameworks */ = {isa = PBXBuildFile; productRef = 531657022D0DBE2900B7664D /* FirebaseInstallations */; };
		531657052D0DBE2900B7664D /* FirebaseMLModelDownloader in Frameworks */ = {isa = PBXBuildFile; productRef = 531657042D0DBE2900B7664D /* FirebaseMLModelDownloader */; };
		531657072D0DBE2900B7664D /* FirebaseMessaging in Frameworks */ = {isa = PBXBuildFile; productRef = 531657062D0DBE2900B7664D /* FirebaseMessaging */; };
		531657092D0DBE2900B7664D /* FirebasePerformance in Frameworks */ = {isa = PBXBuildFile; productRef = 531657082D0DBE2900B7664D /* FirebasePerformance */; };
		5316570B2D0DBE2900B7664D /* FirebaseRemoteConfig in Frameworks */ = {isa = PBXBuildFile; productRef = 5316570A2D0DBE2900B7664D /* FirebaseRemoteConfig */; };
		5316570D2D0DBE2900B7664D /* FirebaseStorage in Frameworks */ = {isa = PBXBuildFile; productRef = 5316570C2D0DBE2900B7664D /* FirebaseStorage */; };
		5316570F2D0DBE2900B7664D /* FirebaseStorageCombine-Community in Frameworks */ = {isa = PBXBuildFile; productRef = 5316570E2D0DBE2900B7664D /* FirebaseStorageCombine-Community */; };
		531657112D0DBE2900B7664D /* FirebaseVertexAI in Frameworks */ = {isa = PBXBuildFile; productRef = 531657102D0DBE2900B7664D /* FirebaseVertexAI */; };
		531657142D0DBFA600B7664D /* GoogleSignIn in Frameworks */ = {isa = PBXBuildFile; productRef = 531657132D0DBFA600B7664D /* GoogleSignIn */; };
		531657162D0DBFA600B7664D /* GoogleSignInSwift in Frameworks */ = {isa = PBXBuildFile; productRef = 531657152D0DBFA600B7664D /* GoogleSignInSwift */; };
/* End PBXBuildFile section */

/* Begin PBXFileReference section */
		531656C92D0DBD2200B7664D /* GoogleFirebase.app */ = {isa = PBXFileReference; explicitFileType = wrapper.application; includeInIndex = 0; path = GoogleFirebase.app; sourceTree = BUILT_PRODUCTS_DIR; };
/* End PBXFileReference section */

/* Begin PBXFileSystemSynchronizedBuildFileExceptionSet section */
		531656DB2D0DBD2300B7664D /* Exceptions for "GoogleFirebase" folder in "GoogleFirebase" target */ = {
			isa = PBXFileSystemSynchronizedBuildFileExceptionSet;
			membershipExceptions = (
				Info.plist,
			);
			target = 531656C82D0DBD2200B7664D /* GoogleFirebase */;
		};
/* End PBXFileSystemSynchronizedBuildFileExceptionSet section */

/* Begin PBXFileSystemSynchronizedRootGroup section */
		531656CB2D0DBD2200B7664D /* GoogleFirebase */ = {
			isa = PBXFileSystemSynchronizedRootGroup;
			exceptions = (
				531656DB2D0DBD2300B7664D /* Exceptions for "GoogleFirebase" folder in "GoogleFirebase" target */,
			);
			path = GoogleFirebase;
			sourceTree = "<group>";
		};
/* End PBXFileSystemSynchronizedRootGroup section */

/* Begin PBXFrameworksBuildPhase section */
		531656C62D0DBD2200B7664D /* Frameworks */ = {
			isa = PBXFrameworksBuildPhase;
			buildActionMask = 2147483647;
			files = (
				531656FB2D0DBE2900B7664D /* FirebaseFirestoreCombine-Community in Frameworks */,
				531657112D0DBE2900B7664D /* FirebaseVertexAI in Frameworks */,
				531656FD2D0DBE2900B7664D /* FirebaseFunctions in Frameworks */,
				531657092D0DBE2900B7664D /* FirebasePerformance in Frameworks */,
				5316570F2D0DBE2900B7664D /* FirebaseStorageCombine-Community in Frameworks */,
				531657162D0DBFA600B7664D /* GoogleSignInSwift in Frameworks */,
				5316570B2D0DBE2900B7664D /* FirebaseRemoteConfig in Frameworks */,
				531656F52D0DBE2900B7664D /* FirebaseDatabase in Frameworks */,
				531656F72D0DBE2900B7664D /* FirebaseDynamicLinks in Frameworks */,
				531656E92D0DBE2900B7664D /* FirebaseAppCheck in Frameworks */,
				531656ED2D0DBE2900B7664D /* FirebaseAuth in Frameworks */,
				531656E32D0DBE2900B7664D /* FirebaseAnalytics in Frameworks */,
				531656F92D0DBE2900B7664D /* FirebaseFirestore in Frameworks */,
				531657072D0DBE2900B7664D /* FirebaseMessaging in Frameworks */,
				531657032D0DBE2900B7664D /* FirebaseInstallations in Frameworks */,
				531656FF2D0DBE2900B7664D /* FirebaseFunctionsCombine-Community in Frameworks */,
				531657142D0DBFA600B7664D /* GoogleSignIn in Frameworks */,
				531656EB2D0DBE2900B7664D /* FirebaseAppDistribution-Beta in Frameworks */,
				531656E72D0DBE2900B7664D /* FirebaseAnalyticsWithoutAdIdSupport in Frameworks */,
				531657012D0DBE2900B7664D /* FirebaseInAppMessaging-Beta in Frameworks */,
				531656EF2D0DBE2900B7664D /* FirebaseAuthCombine-Community in Frameworks */,
				531656F32D0DBE2900B7664D /* FirebaseCrashlytics in Frameworks */,
				531657052D0DBE2900B7664D /* FirebaseMLModelDownloader in Frameworks */,
				5316570D2D0DBE2900B7664D /* FirebaseStorage in Frameworks */,
				531656F12D0DBE2900B7664D /* FirebaseCore in Frameworks */,
				531656E52D0DBE2900B7664D /* FirebaseAnalyticsOnDeviceConversion in Frameworks */,
			);
			runOnlyForDeploymentPostprocessing = 0;
		};
/* End PBXFrameworksBuildPhase section */

/* Begin PBXGroup section */
		531656C02D0DBD2200B7664D = {
			isa = PBXGroup;
			children = (
				531656CB2D0DBD2200B7664D /* GoogleFirebase */,
				531656CA2D0DBD2200B7664D /* Products */,
			);
			sourceTree = "<group>";
		};
		531656CA2D0DBD2200B7664D /* Products */ = {
			isa = PBXGroup;
			children = (
				531656C92D0DBD2200B7664D /* GoogleFirebase.app */,
			);
			name = Products;
			sourceTree = "<group>";
		};
/* End PBXGroup section */

/* Begin PBXNativeTarget section */
		531656C82D0DBD2200B7664D /* GoogleFirebase */ = {
			isa = PBXNativeTarget;
			buildConfigurationList = 531656DC2D0DBD2300B7664D /* Build configuration list for PBXNativeTarget "GoogleFirebase" */;
			buildPhases = (
				531656C52D0DBD2200B7664D /* Sources */,
				531656C62D0DBD2200B7664D /* Frameworks */,
				531656C72D0DBD2200B7664D /* Resources */,
			);
			buildRules = (
			);
			dependencies = (
			);
			fileSystemSynchronizedGroups = (
				531656CB2D0DBD2200B7664D /* GoogleFirebase */,
			);
			name = GoogleFirebase;
			packageProductDependencies = (
				531656E22D0DBE2900B7664D /* FirebaseAnalytics */,
				531656E42D0DBE2900B7664D /* FirebaseAnalyticsOnDeviceConversion */,
				531656E62D0DBE2900B7664D /* FirebaseAnalyticsWithoutAdIdSupport */,
				531656E82D0DBE2900B7664D /* FirebaseAppCheck */,
				531656EA2D0DBE2900B7664D /* FirebaseAppDistribution-Beta */,
				531656EC2D0DBE2900B7664D /* FirebaseAuth */,
				531656EE2D0DBE2900B7664D /* FirebaseAuthCombine-Community */,
				531656F02D0DBE2900B7664D /* FirebaseCore */,
				531656F22D0DBE2900B7664D /* FirebaseCrashlytics */,
				531656F42D0DBE2900B7664D /* FirebaseDatabase */,
				531656F62D0DBE2900B7664D /* FirebaseDynamicLinks */,
				531656F82D0DBE2900B7664D /* FirebaseFirestore */,
				531656FA2D0DBE2900B7664D /* FirebaseFirestoreCombine-Community */,
				531656FC2D0DBE2900B7664D /* FirebaseFunctions */,
				531656FE2D0DBE2900B7664D /* FirebaseFunctionsCombine-Community */,
				531657002D0DBE2900B7664D /* FirebaseInAppMessaging-Beta */,
				531657022D0DBE2900B7664D /* FirebaseInstallations */,
				531657042D0DBE2900B7664D /* FirebaseMLModelDownloader */,
				531657062D0DBE2900B7664D /* FirebaseMessaging */,
				531657082D0DBE2900B7664D /* FirebasePerformance */,
				5316570A2D0DBE2900B7664D /* FirebaseRemoteConfig */,
				5316570C2D0DBE2900B7664D /* FirebaseStorage */,
				5316570E2D0DBE2900B7664D /* FirebaseStorageCombine-Community */,
				531657102D0DBE2900B7664D /* FirebaseVertexAI */,
				531657132D0DBFA600B7664D /* GoogleSignIn */,
				531657152D0DBFA600B7664D /* GoogleSignInSwift */,
			);
			productName = GoogleFirebase;
			productReference = 531656C92D0DBD2200B7664D /* GoogleFirebase.app */;
			productType = "com.apple.product-type.application";
		};
/* End PBXNativeTarget section */

/* Begin PBXProject section */
		531656C12D0DBD2200B7664D /* Project object */ = {
			isa = PBXProject;
			attributes = {
				BuildIndependentTargetsInParallel = 1;
				LastSwiftUpdateCheck = 1610;
				LastUpgradeCheck = 1610;
				TargetAttributes = {
					531656C82D0DBD2200B7664D = {
						CreatedOnToolsVersion = 16.1;
					};
				};
			};
			buildConfigurationList = 531656C42D0DBD2200B7664D /* Build configuration list for PBXProject "GoogleFirebase" */;
			developmentRegion = en;
			hasScannedForEncodings = 0;
			knownRegions = (
				en,
				Base,
			);
			mainGroup = 531656C02D0DBD2200B7664D;
			minimizedProjectReferenceProxies = 1;
			packageReferences = (
				531656E12D0DBE2900B7664D /* XCRemoteSwiftPackageReference "firebase-ios-sdk" */,
				531657122D0DBFA600B7664D /* XCRemoteSwiftPackageReference "GoogleSignIn-iOS" */,
			);
			preferredProjectObjectVersion = 77;
			productRefGroup = 531656CA2D0DBD2200B7664D /* Products */;
			projectDirPath = "";
			projectRoot = "";
			targets = (
				531656C82D0DBD2200B7664D /* GoogleFirebase */,
			);
		};
/* End PBXProject section */

/* Begin PBXResourcesBuildPhase section */
		531656C72D0DBD2200B7664D /* Resources */ = {
			isa = PBXResourcesBuildPhase;
			buildActionMask = 2147483647;
			files = (
			);
			runOnlyForDeploymentPostprocessing = 0;
		};
/* End PBXResourcesBuildPhase section */

/* Begin PBXSourcesBuildPhase section */
		531656C52D0DBD2200B7664D /* Sources */ = {
			isa = PBXSourcesBuildPhase;
			buildActionMask = 2147483647;
			files = (
			);
			runOnlyForDeploymentPostprocessing = 0;
		};
/* End PBXSourcesBuildPhase section */

/* Begin XCBuildConfiguration section */
		531656DD2D0DBD2300B7664D /* Debug */ = {
			isa = XCBuildConfiguration;
			buildSettings = {
				ASSETCATALOG_COMPILER_APPICON_NAME = AppIcon;
				ASSETCATALOG_COMPILER_GLOBAL_ACCENT_COLOR_NAME = AccentColor;
				CODE_SIGN_STYLE = Automatic;
				CURRENT_PROJECT_VERSION = 1;
				DEVELOPMENT_TEAM = 8TP4A8XK22;
				GENERATE_INFOPLIST_FILE = YES;
				INFOPLIST_FILE = GoogleFirebase/Info.plist;
				INFOPLIST_KEY_UIApplicationSupportsIndirectInputEvents = YES;
				INFOPLIST_KEY_UILaunchStoryboardName = LaunchScreen;
				INFOPLIST_KEY_UIMainStoryboardFile = Main;
				INFOPLIST_KEY_UISupportedInterfaceOrientations_iPad = "UIInterfaceOrientationPortrait UIInterfaceOrientationPortraitUpsideDown UIInterfaceOrientationLandscapeLeft UIInterfaceOrientationLandscapeRight";
				INFOPLIST_KEY_UISupportedInterfaceOrientations_iPhone = "UIInterfaceOrientationPortrait UIInterfaceOrientationLandscapeLeft UIInterfaceOrientationLandscapeRight";
				LD_RUNPATH_SEARCH_PATHS = (
					"$(inherited)",
					"@executable_path/Frameworks",
				);
				MARKETING_VERSION = 1.0;
				PRODUCT_BUNDLE_IDENTIFIER = com.shrey.GoogleFirebase;
				PRODUCT_NAME = "$(TARGET_NAME)";
				SWIFT_EMIT_LOC_STRINGS = YES;
				SWIFT_VERSION = 5.0;
				TARGETED_DEVICE_FAMILY = "1,2";
			};
			name = Debug;
		};
		531656DE2D0DBD2300B7664D /* Release */ = {
			isa = XCBuildConfiguration;
			buildSettings = {
				ASSETCATALOG_COMPILER_APPICON_NAME = AppIcon;
				ASSETCATALOG_COMPILER_GLOBAL_ACCENT_COLOR_NAME = AccentColor;
				CODE_SIGN_STYLE = Automatic;
				CURRENT_PROJECT_VERSION = 1;
				DEVELOPMENT_TEAM = 8TP4A8XK22;
				GENERATE_INFOPLIST_FILE = YES;
				INFOPLIST_FILE = GoogleFirebase/Info.plist;
				INFOPLIST_KEY_UIApplicationSupportsIndirectInputEvents = YES;
				INFOPLIST_KEY_UILaunchStoryboardName = LaunchScreen;
				INFOPLIST_KEY_UIMainStoryboardFile = Main;
				INFOPLIST_KEY_UISupportedInterfaceOrientations_iPad = "UIInterfaceOrientationPortrait UIInterfaceOrientationPortraitUpsideDown UIInterfaceOrientationLandscapeLeft UIInterfaceOrientationLandscapeRight";
				INFOPLIST_KEY_UISupportedInterfaceOrientations_iPhone = "UIInterfaceOrientationPortrait UIInterfaceOrientationLandscapeLeft UIInterfaceOrientationLandscapeRight";
				LD_RUNPATH_SEARCH_PATHS = (
					"$(inherited)",
					"@executable_path/Frameworks",
				);
				MARKETING_VERSION = 1.0;
				PRODUCT_BUNDLE_IDENTIFIER = com.shrey.GoogleFirebase;
				PRODUCT_NAME = "$(TARGET_NAME)";
				SWIFT_EMIT_LOC_STRINGS = YES;
				SWIFT_VERSION = 5.0;
				TARGETED_DEVICE_FAMILY = "1,2";
			};
			name = Release;
		};
		531656DF2D0DBD2300B7664D /* Debug */ = {
			isa = XCBuildConfiguration;
			buildSettings = {
				ALWAYS_SEARCH_USER_PATHS = NO;
				ASSETCATALOG_COMPILER_GENERATE_SWIFT_ASSET_SYMBOL_EXTENSIONS = YES;
				CLANG_ANALYZER_NONNULL = YES;
				CLANG_ANALYZER_NUMBER_OBJECT_CONVERSION = YES_AGGRESSIVE;
				CLANG_CXX_LANGUAGE_STANDARD = "gnu++20";
				CLANG_ENABLE_MODULES = YES;
				CLANG_ENABLE_OBJC_ARC = YES;
				CLANG_ENABLE_OBJC_WEAK = YES;
				CLANG_WARN_BLOCK_CAPTURE_AUTORELEASING = YES;
				CLANG_WARN_BOOL_CONVERSION = YES;
				CLANG_WARN_COMMA = YES;
				CLANG_WARN_CONSTANT_CONVERSION = YES;
				CLANG_WARN_DEPRECATED_OBJC_IMPLEMENTATIONS = YES;
				CLANG_WARN_DIRECT_OBJC_ISA_USAGE = YES_ERROR;
				CLANG_WARN_DOCUMENTATION_COMMENTS = YES;
				CLANG_WARN_EMPTY_BODY = YES;
				CLANG_WARN_ENUM_CONVERSION = YES;
				CLANG_WARN_INFINITE_RECURSION = YES;
				CLANG_WARN_INT_CONVERSION = YES;
				CLANG_WARN_NON_LITERAL_NULL_CONVERSION = YES;
				CLANG_WARN_OBJC_IMPLICIT_RETAIN_SELF = YES;
				CLANG_WARN_OBJC_LITERAL_CONVERSION = YES;
				CLANG_WARN_OBJC_ROOT_CLASS = YES_ERROR;
				CLANG_WARN_QUOTED_INCLUDE_IN_FRAMEWORK_HEADER = YES;
				CLANG_WARN_RANGE_LOOP_ANALYSIS = YES;
				CLANG_WARN_STRICT_PROTOTYPES = YES;
				CLANG_WARN_SUSPICIOUS_MOVE = YES;
				CLANG_WARN_UNGUARDED_AVAILABILITY = YES_AGGRESSIVE;
				CLANG_WARN_UNREACHABLE_CODE = YES;
				CLANG_WARN__DUPLICATE_METHOD_MATCH = YES;
				COPY_PHASE_STRIP = NO;
				DEBUG_INFORMATION_FORMAT = dwarf;
				ENABLE_STRICT_OBJC_MSGSEND = YES;
				ENABLE_TESTABILITY = YES;
				ENABLE_USER_SCRIPT_SANDBOXING = YES;
				GCC_C_LANGUAGE_STANDARD = gnu17;
				GCC_DYNAMIC_NO_PIC = NO;
				GCC_NO_COMMON_BLOCKS = YES;
				GCC_OPTIMIZATION_LEVEL = 0;
				GCC_PREPROCESSOR_DEFINITIONS = (
					"DEBUG=1",
					"$(inherited)",
				);
				GCC_WARN_64_TO_32_BIT_CONVERSION = YES;
				GCC_WARN_ABOUT_RETURN_TYPE = YES_ERROR;
				GCC_WARN_UNDECLARED_SELECTOR = YES;
				GCC_WARN_UNINITIALIZED_AUTOS = YES_AGGRESSIVE;
				GCC_WARN_UNUSED_FUNCTION = YES;
				GCC_WARN_UNUSED_VARIABLE = YES;
				IPHONEOS_DEPLOYMENT_TARGET = 18.1;
				LOCALIZATION_PREFERS_STRING_CATALOGS = YES;
				MTL_ENABLE_DEBUG_INFO = INCLUDE_SOURCE;
				MTL_FAST_MATH = YES;
				ONLY_ACTIVE_ARCH = YES;
				SDKROOT = iphoneos;
				SWIFT_ACTIVE_COMPILATION_CONDITIONS = "DEBUG $(inherited)";
				SWIFT_OPTIMIZATION_LEVEL = "-Onone";
			};
			name = Debug;
		};
		531656E02D0DBD2300B7664D /* Release */ = {
			isa = XCBuildConfiguration;
			buildSettings = {
				ALWAYS_SEARCH_USER_PATHS = NO;
				ASSETCATALOG_COMPILER_GENERATE_SWIFT_ASSET_SYMBOL_EXTENSIONS = YES;
				CLANG_ANALYZER_NONNULL = YES;
				CLANG_ANALYZER_NUMBER_OBJECT_CONVERSION = YES_AGGRESSIVE;
				CLANG_CXX_LANGUAGE_STANDARD = "gnu++20";
				CLANG_ENABLE_MODULES = YES;
				CLANG_ENABLE_OBJC_ARC = YES;
				CLANG_ENABLE_OBJC_WEAK = YES;
				CLANG_WARN_BLOCK_CAPTURE_AUTORELEASING = YES;
				CLANG_WARN_BOOL_CONVERSION = YES;
				CLANG_WARN_COMMA = YES;
				CLANG_WARN_CONSTANT_CONVERSION = YES;
				CLANG_WARN_DEPRECATED_OBJC_IMPLEMENTATIONS = YES;
				CLANG_WARN_DIRECT_OBJC_ISA_USAGE = YES_ERROR;
				CLANG_WARN_DOCUMENTATION_COMMENTS = YES;
				CLANG_WARN_EMPTY_BODY = YES;
				CLANG_WARN_ENUM_CONVERSION = YES;
				CLANG_WARN_INFINITE_RECURSION = YES;
				CLANG_WARN_INT_CONVERSION = YES;
				CLANG_WARN_NON_LITERAL_NULL_CONVERSION = YES;
				CLANG_WARN_OBJC_IMPLICIT_RETAIN_SELF = YES;
				CLANG_WARN_OBJC_LITERAL_CONVERSION = YES;
				CLANG_WARN_OBJC_ROOT_CLASS = YES_ERROR;
				CLANG_WARN_QUOTED_INCLUDE_IN_FRAMEWORK_HEADER = YES;
				CLANG_WARN_RANGE_LOOP_ANALYSIS = YES;
				CLANG_WARN_STRICT_PROTOTYPES = YES;
				CLANG_WARN_SUSPICIOUS_MOVE = YES;
				CLANG_WARN_UNGUARDED_AVAILABILITY = YES_AGGRESSIVE;
				CLANG_WARN_UNREACHABLE_CODE = YES;
				CLANG_WARN__DUPLICATE_METHOD_MATCH = YES;
				COPY_PHASE_STRIP = NO;
				DEBUG_INFORMATION_FORMAT = "dwarf-with-dsym";
				ENABLE_NS_ASSERTIONS = NO;
				ENABLE_STRICT_OBJC_MSGSEND = YES;
				ENABLE_USER_SCRIPT_SANDBOXING = YES;
				GCC_C_LANGUAGE_STANDARD = gnu17;
				GCC_NO_COMMON_BLOCKS = YES;
				GCC_WARN_64_TO_32_BIT_CONVERSION = YES;
				GCC_WARN_ABOUT_RETURN_TYPE = YES_ERROR;
				GCC_WARN_UNDECLARED_SELECTOR = YES;
				GCC_WARN_UNINITIALIZED_AUTOS = YES_AGGRESSIVE;
				GCC_WARN_UNUSED_FUNCTION = YES;
				GCC_WARN_UNUSED_VARIABLE = YES;
				IPHONEOS_DEPLOYMENT_TARGET = 18.1;
				LOCALIZATION_PREFERS_STRING_CATALOGS = YES;
				MTL_ENABLE_DEBUG_INFO = NO;
				MTL_FAST_MATH = YES;
				SDKROOT = iphoneos;
				SWIFT_COMPILATION_MODE = wholemodule;
				VALIDATE_PRODUCT = YES;
			};
			name = Release;
		};
/* End XCBuildConfiguration section */

/* Begin XCConfigurationList section */
		531656C42D0DBD2200B7664D /* Build configuration list for PBXProject "GoogleFirebase" */ = {
			isa = XCConfigurationList;
			buildConfigurations = (
				531656DF2D0DBD2300B7664D /* Debug */,
				531656E02D0DBD2300B7664D /* Release */,
			);
			defaultConfigurationIsVisible = 0;
			defaultConfigurationName = Release;
		};
		531656DC2D0DBD2300B7664D /* Build configuration list for PBXNativeTarget "GoogleFirebase" */ = {
			isa = XCConfigurationList;
			buildConfigurations = (
				531656DD2D0DBD2300B7664D /* Debug */,
				531656DE2D0DBD2300B7664D /* Release */,
			);
			defaultConfigurationIsVisible = 0;
			defaultConfigurationName = Release;
		};
/* End XCConfigurationList section */

/* Begin XCRemoteSwiftPackageReference section */
		531656E12D0DBE2900B7664D /* XCRemoteSwiftPackageReference "firebase-ios-sdk" */ = {
			isa = XCRemoteSwiftPackageReference;
			repositoryURL = "https://github.com/firebase/firebase-ios-sdk.git";
			requirement = {
				kind = upToNextMajorVersion;
				minimumVersion = 11.6.0;
			};
		};
		531657122D0DBFA600B7664D /* XCRemoteSwiftPackageReference "GoogleSignIn-iOS" */ = {
			isa = XCRemoteSwiftPackageReference;
			repositoryURL = "https://github.com/google/GoogleSignIn-iOS.git";
			requirement = {
				kind = upToNextMajorVersion;
				minimumVersion = 8.0.0;
			};
		};
/* End XCRemoteSwiftPackageReference section */

/* Begin XCSwiftPackageProductDependency section */
		531656E22D0DBE2900B7664D /* FirebaseAnalytics */ = {
			isa = XCSwiftPackageProductDependency;
			package = 531656E12D0DBE2900B7664D /* XCRemoteSwiftPackageReference "firebase-ios-sdk" */;
			productName = FirebaseAnalytics;
		};
		531656E42D0DBE2900B7664D /* FirebaseAnalyticsOnDeviceConversion */ = {
			isa = XCSwiftPackageProductDependency;
			package = 531656E12D0DBE2900B7664D /* XCRemoteSwiftPackageReference "firebase-ios-sdk" */;
			productName = FirebaseAnalyticsOnDeviceConversion;
		};
		531656E62D0DBE2900B7664D /* FirebaseAnalyticsWithoutAdIdSupport */ = {
			isa = XCSwiftPackageProductDependency;
			package = 531656E12D0DBE2900B7664D /* XCRemoteSwiftPackageReference "firebase-ios-sdk" */;
			productName = FirebaseAnalyticsWithoutAdIdSupport;
		};
		531656E82D0DBE2900B7664D /* FirebaseAppCheck */ = {
			isa = XCSwiftPackageProductDependency;
			package = 531656E12D0DBE2900B7664D /* XCRemoteSwiftPackageReference "firebase-ios-sdk" */;
			productName = FirebaseAppCheck;
		};
		531656EA2D0DBE2900B7664D /* FirebaseAppDistribution-Beta */ = {
			isa = XCSwiftPackageProductDependency;
			package = 531656E12D0DBE2900B7664D /* XCRemoteSwiftPackageReference "firebase-ios-sdk" */;
			productName = "FirebaseAppDistribution-Beta";
		};
		531656EC2D0DBE2900B7664D /* FirebaseAuth */ = {
			isa = XCSwiftPackageProductDependency;
			package = 531656E12D0DBE2900B7664D /* XCRemoteSwiftPackageReference "firebase-ios-sdk" */;
			productName = FirebaseAuth;
		};
		531656EE2D0DBE2900B7664D /* FirebaseAuthCombine-Community */ = {
			isa = XCSwiftPackageProductDependency;
			package = 531656E12D0DBE2900B7664D /* XCRemoteSwiftPackageReference "firebase-ios-sdk" */;
			productName = "FirebaseAuthCombine-Community";
		};
		531656F02D0DBE2900B7664D /* FirebaseCore */ = {
			isa = XCSwiftPackageProductDependency;
			package = 531656E12D0DBE2900B7664D /* XCRemoteSwiftPackageReference "firebase-ios-sdk" */;
			productName = FirebaseCore;
		};
		531656F22D0DBE2900B7664D /* FirebaseCrashlytics */ = {
			isa = XCSwiftPackageProductDependency;
			package = 531656E12D0DBE2900B7664D /* XCRemoteSwiftPackageReference "firebase-ios-sdk" */;
			productName = FirebaseCrashlytics;
		};
		531656F42D0DBE2900B7664D /* FirebaseDatabase */ = {
			isa = XCSwiftPackageProductDependency;
			package = 531656E12D0DBE2900B7664D /* XCRemoteSwiftPackageReference "firebase-ios-sdk" */;
			productName = FirebaseDatabase;
		};
		531656F62D0DBE2900B7664D /* FirebaseDynamicLinks */ = {
			isa = XCSwiftPackageProductDependency;
			package = 531656E12D0DBE2900B7664D /* XCRemoteSwiftPackageReference "firebase-ios-sdk" */;
			productName = FirebaseDynamicLinks;
		};
		531656F82D0DBE2900B7664D /* FirebaseFirestore */ = {
			isa = XCSwiftPackageProductDependency;
			package = 531656E12D0DBE2900B7664D /* XCRemoteSwiftPackageReference "firebase-ios-sdk" */;
			productName = FirebaseFirestore;
		};
		531656FA2D0DBE2900B7664D /* FirebaseFirestoreCombine-Community */ = {
			isa = XCSwiftPackageProductDependency;
			package = 531656E12D0DBE2900B7664D /* XCRemoteSwiftPackageReference "firebase-ios-sdk" */;
			productName = "FirebaseFirestoreCombine-Community";
		};
		531656FC2D0DBE2900B7664D /* FirebaseFunctions */ = {
			isa = XCSwiftPackageProductDependency;
			package = 531656E12D0DBE2900B7664D /* XCRemoteSwiftPackageReference "firebase-ios-sdk" */;
			productName = FirebaseFunctions;
		};
		531656FE2D0DBE2900B7664D /* FirebaseFunctionsCombine-Community */ = {
			isa = XCSwiftPackageProductDependency;
			package = 531656E12D0DBE2900B7664D /* XCRemoteSwiftPackageReference "firebase-ios-sdk" */;
			productName = "FirebaseFunctionsCombine-Community";
		};
		531657002D0DBE2900B7664D /* FirebaseInAppMessaging-Beta */ = {
			isa = XCSwiftPackageProductDependency;
			package = 531656E12D0DBE2900B7664D /* XCRemoteSwiftPackageReference "firebase-ios-sdk" */;
			productName = "FirebaseInAppMessaging-Beta";
		};
		531657022D0DBE2900B7664D /* FirebaseInstallations */ = {
			isa = XCSwiftPackageProductDependency;
			package = 531656E12D0DBE2900B7664D /* XCRemoteSwiftPackageReference "firebase-ios-sdk" */;
			productName = FirebaseInstallations;
		};
		531657042D0DBE2900B7664D /* FirebaseMLModelDownloader */ = {
			isa = XCSwiftPackageProductDependency;
			package = 531656E12D0DBE2900B7664D /* XCRemoteSwiftPackageReference "firebase-ios-sdk" */;
			productName = FirebaseMLModelDownloader;
		};
		531657062D0DBE2900B7664D /* FirebaseMessaging */ = {
			isa = XCSwiftPackageProductDependency;
			package = 531656E12D0DBE2900B7664D /* XCRemoteSwiftPackageReference "firebase-ios-sdk" */;
			productName = FirebaseMessaging;
		};
		531657082D0DBE2900B7664D /* FirebasePerformance */ = {
			isa = XCSwiftPackageProductDependency;
			package = 531656E12D0DBE2900B7664D /* XCRemoteSwiftPackageReference "firebase-ios-sdk" */;
			productName = FirebasePerformance;
		};
		5316570A2D0DBE2900B7664D /* FirebaseRemoteConfig */ = {
			isa = XCSwiftPackageProductDependency;
			package = 531656E12D0DBE2900B7664D /* XCRemoteSwiftPackageReference "firebase-ios-sdk" */;
			productName = FirebaseRemoteConfig;
		};
		5316570C2D0DBE2900B7664D /* FirebaseStorage */ = {
			isa = XCSwiftPackageProductDependency;
			package = 531656E12D0DBE2900B7664D /* XCRemoteSwiftPackageReference "firebase-ios-sdk" */;
			productName = FirebaseStorage;
		};
		5316570E2D0DBE2900B7664D /* FirebaseStorageCombine-Community */ = {
			isa = XCSwiftPackageProductDependency;
			package = 531656E12D0DBE2900B7664D /* XCRemoteSwiftPackageReference "firebase-ios-sdk" */;
			productName = "FirebaseStorageCombine-Community";
		};
		531657102D0DBE2900B7664D /* FirebaseVertexAI */ = {
			isa = XCSwiftPackageProductDependency;
			package = 531656E12D0DBE2900B7664D /* XCRemoteSwiftPackageReference "firebase-ios-sdk" */;
			productName = FirebaseVertexAI;
		};
		531657132D0DBFA600B7664D /* GoogleSignIn */ = {
			isa = XCSwiftPackageProductDependency;
			package = 531657122D0DBFA600B7664D /* XCRemoteSwiftPackageReference "GoogleSignIn-iOS" */;
			productName = GoogleSignIn;
		};
		531657152D0DBFA600B7664D /* GoogleSignInSwift */ = {
			isa = XCSwiftPackageProductDependency;
			package = 531657122D0DBFA600B7664D /* XCRemoteSwiftPackageReference "GoogleSignIn-iOS" */;
			productName = GoogleSignInSwift;
		};
/* End XCSwiftPackageProductDependency section */
	};
	rootObject = 531656C12D0DBD2200B7664D /* Project object */;
}
